{
    "_meta": {
        "hash": {
            "sha256": "f92628f8435386e55fd3ab0bbc249213aff02e7219bbf5966e84b7770a8e215e"
        },
        "pipfile-spec": 6,
        "requires": {
            "python_version": "3.8"
        },
        "sources": [
            {
                "name": "pypi",
                "url": "https://pypi.org/simple",
                "verify_ssl": true
            }
        ]
    },
    "default": {
        "numpy": {
            "hashes": [
                "sha256:082f8d4dd69b6b688f64f509b91d482362124986d98dc7dc5f5e9f9b9c3bb983",
                "sha256:1bc0145999e8cb8aed9d4e65dd8b139adf1919e521177f198529687dbf613065",
                "sha256:309cbcfaa103fc9a33ec16d2d62569d541b79f828c382556ff072442226d1968",
                "sha256:3673c8b2b29077f1b7b3a848794f8e11f401ba0b71c49fbd26fb40b71788b132",
                "sha256:480fdd4dbda4dd6b638d3863da3be82873bba6d32d1fc12ea1b8486ac7b8d129",
                "sha256:56ef7f56470c24bb67fb43dae442e946a6ce172f97c69f8d067ff8550cf782ff",
                "sha256:5a936fd51049541d86ccdeef2833cc89a18e4d3808fe58a8abeb802665c5af93",
                "sha256:5b6885c12784a27e957294b60f97e8b5b4174c7504665333c5e94fbf41ae5d6a",
                "sha256:667c07063940e934287993366ad5f56766bc009017b4a0fe91dbd07960d0aba7",
                "sha256:7ed448ff4eaffeb01094959b19cbaf998ecdee9ef9932381420d514e446601cd",
                "sha256:8343bf67c72e09cfabfab55ad4a43ce3f6bf6e6ced7acf70f45ded9ebb425055",
                "sha256:92feb989b47f83ebef246adabc7ff3b9a59ac30601c3f6819f8913458610bdcc",
                "sha256:935c27ae2760c21cd7354402546f6be21d3d0c806fffe967f745d5f2de5005a7",
                "sha256:aaf42a04b472d12515debc621c31cf16c215e332242e7a9f56403d814c744624",
                "sha256:b12e639378c741add21fbffd16ba5ad25c0a1a17cf2b6fe4288feeb65144f35b",
                "sha256:b1cca51512299841bf69add3b75361779962f9cee7d9ee3bb446d5982e925b69",
                "sha256:b8456987b637232602ceb4d663cb34106f7eb780e247d51a260b84760fd8f491",
                "sha256:b9792b0ac0130b277536ab8944e7b754c69560dac0415dd4b2dbd16b902c8954",
                "sha256:c9591886fc9cbe5532d5df85cb8e0cc3b44ba8ce4367bd4cf1b93dc19713da72",
                "sha256:cf1347450c0b7644ea142712619533553f02ef23f92f781312f6a3553d031fc7",
                "sha256:de8b4a9b56255797cbddb93281ed92acbc510fb7b15df3f01bd28f46ebc4edae",
                "sha256:e1b1dc0372f530f26a03578ac75d5e51b3868b9b76cd2facba4c9ee0eb252ab1",
                "sha256:e45f8e981a0ab47103181773cc0a54e650b2aef8c7b6cd07405d0fa8d869444a",
                "sha256:e4f6d3c53911a9d103d8ec9518190e52a8b945bab021745af4939cfc7c0d4a9e",
                "sha256:ed8a311493cf5480a2ebc597d1e177231984c818a86875126cfd004241a73c3e",
                "sha256:ef71a1d4fd4858596ae80ad1ec76404ad29701f8ca7cdcebc50300178db14dfc"
            ],
            "markers": "python_version >= '3.6'",
            "version": "==1.19.1"
        },
        "opencv-contrib-python": {
            "hashes": [
                "sha256:0395b78f7d59dd1805663124c0148cd37269c64649e319998889fa57a557c9ae",
                "sha256:31f08ee80be63abcd1cc03b14368fbbfd6434088745e8675712e755e8d023610",
                "sha256:332555b1bb2372d9530e0c4acdd74ed1d84fb9a4763f1e83ce3c2d432455fe6e",
                "sha256:49938fceddc5b56bec9d43758c0e9cbaa3dc8d6d62279cf716dd6b99f93182f0",
                "sha256:8ea89d52a4aeacddd5f30400be103cbba4bdad64f06f60afe523c538b119e973",
                "sha256:91703c6cfc52aa9f46acde3662fd12a0ec12a6b79b0739d10ae5c0d904962ff3",
                "sha256:9dd29f6e4a116cf3ce74e7b7f9b19b2db9585dcb6f040717240a69e60f577c38",
                "sha256:9fa158810e132b9ca3b085e20589b4df8dea15f614a96075ce69f8d4082cdc2c",
                "sha256:a4e9150e61b183ca89181f57a6d3d2cb04d5c41bfd1f65b91f718978945224da",
                "sha256:a7f31e4cdb3d7c15e8801dfe4f7e4661cf4eabc914c475e4424c58830df4eab5",
                "sha256:adb35e002ad54b9f8dbe51a0afdae420424ea961581ebd69af732faf9f738591",
                "sha256:b3e9d46178cb715bd6bb1315afc2714fccb19c1a6e46b25f754a599aa88fa125",
                "sha256:b439b6656105ce676d3726cb4edd452004c0bf74505c806550a15df5f320a603",
                "sha256:b5bbc432c7d508db02986a4f668c4c6d23ea3161bf49f64040fd002bc65e32d7",
                "sha256:b6770c762db0db79cfab6ed2dc7477fc6b6905ae3eb24a2fb84f5bd376d05a21",
                "sha256:b973f28b8d37481b35633bab44c984eb9a232e82c248b189a41e097b14e67e95",
                "sha256:d60de0be0351c897421a04da49938801cbd40dbfcd3b843d7afc649206ba6cc6",
                "sha256:d7b140393851f6373379afe81705096478d1aa467fce70bd57ee73d3d652611a",
                "sha256:eba81572368d01c4b7afd2c9013180ec5da5c135c28e3329ec738f60d0c7c714",
                "sha256:fde9eadbfd02a4246bfc9cdf8391dd6de5582c69fcc5b5ad9e548066916bc15a"
            ],
            "index": "pypi",
            "version": "==4.4.0.40"
        },
        "opencv-python": {
            "hashes": [
                "sha256:0079b5cce92179191c4af41a52dc8c1b8ff9a839ab65b436c91261717ca76a67",
                "sha256:1310cdfc5b154673eda7897035766cf71b1099402ec58aae01346a48c8fbec28",
                "sha256:13114b2e0fdc45558c8ae9e38835b89a55593a56a2becaf10e7f579047701336",
                "sha256:441ab366615826139c21364532442f9e58d318f52eede5aeed88a58281039fe8",
                "sha256:45c477880082b179086d36431afc56b9cb55f12d88d1a8af37bc292c8666d8a8",
                "sha256:58faae06fbe5becc43cf247fd063ca5a4782b23a323682e1918e9f2ed2c57630",
                "sha256:5d31281bb8937fd208dccac0d857a109931584853ee8aba4a8dac3243ced45c1",
                "sha256:7167ea3a78a5acf7404f848fe2f793cdd8a60077b6c5fdc901b1fd9ef673fb89",
                "sha256:821c9eca425f0aebeb0e3b64c51efda7de46e439fcfe5a5992c8ed85e2e453f4",
                "sha256:83a89e9a2873d27e4d4f4d8dcbe232101b24122027d295a5ac1d54d0e19343b5",
                "sha256:8732bd5968eaa7af69a1099137cf2c7ca2d3fa4d08025a841d06bfdb0f2efab5",
                "sha256:91e54cab58ad7284dfb507dbbd3768cbae92d061dcce9cb16af6c85bd2addd97",
                "sha256:9505ec697609bb8f3165f56334db0238af737bef40c7c0d9292be21455a7a27b",
                "sha256:97f0d65f9ece468ae05d0cf92ebfb7248b5a04eccbde576759d074a14a1f1f30",
                "sha256:b5e945865f5ce282ac5525ca6a63c4d51c2f088c4860c07b008d1d3150f1aabc",
                "sha256:d5c80e81243886c30c8579c3d824f533628c193308da46848e30eb40902e3bbc",
                "sha256:d7af93362ae0092fab5465c2f40bc7826db57915782f9cb8ae1acebf9c2fa918",
                "sha256:e0ab72245b5b847d9f2258ff01d812315bd1a33d68bfab2d86890686d8a624b4",
                "sha256:e0c08c3575b1e535deee77aa94e1af1cca84c074aae87eb2286ad679241b1c4c",
                "sha256:e4c05504d264a790fb5c6a8401e0f7ac433e7b35952c72986c56b983a01c16fd",
                "sha256:eb4011668217542a1a6059c33791e4c3720d20367932f36dad484501501239f2"
            ],
            "index": "pypi",
            "version": "==4.4.0.40"
        },
        "pyside2": {
            "hashes": [
                "sha256:1478ea8a1ab5d8bc021ce41211933fbc238338fe70c02f7bcc2e80ea900dbf9e",
                "sha256:2d72150f63025b9b55097c1a64d09da37ff9191f73f69237500dec7a4a130541",
                "sha256:7ac86f31bc0a4fbf3f0bf00890e849441776be304c7b8bf259d777a7fe5fe913",
                "sha256:7c91a5074f3c60bac7e9336943a1dc9d5c8be8ab88a232dc55018e555dae81b2",
                "sha256:ae8158d611a410c58091aa8baf24005894b4e3f40c63ff2482149481ad5395b4",
                "sha256:de0220cc01a8bfdaa8ccd0fc934a1ead2aedca62b49b5fd4bdcdaba6f4585a03",
                "sha256:f9099e49fb2d3571f5a81eb9ff281ce832ce8c333052e8175e2356b9c3e4a882",
                "sha256:fad5ce781d0774bfad39f54b6c3376909b8d27f2075cbde6f4499df7dbd855f9"
            ],
            "index": "pypi",
            "version": "==5.15.0"
        },
        "python-dotenv": {
            "hashes": [
                "sha256:8c10c99a1b25d9a68058a1ad6f90381a62ba68230ca93966882a4dbc3bc9c33d",
                "sha256:c10863aee750ad720f4f43436565e4c1698798d763b63234fb5021b6c616e423"
            ],
            "index": "pypi",
            "version": "==0.14.0"
        },
        "shiboken2": {
            "hashes": [
                "sha256:0826ce788fe55bce19a8f8a2c33d720a6ba8f59e1aab1fa9d7a53eceed3f3af5",
                "sha256:19d5f715e5ae8a815a7f148a8614a3225dceee6fd9d5decaa7749657f0f7ccbe",
                "sha256:41a9157fb9cc7e0c0747926b25c23c3f94d59d61736a6ff763ebc7acf6afc5cf",
                "sha256:4b0904e0967356a36e80cde05981faa14c120141856d973ee983eac0b83633c0",
                "sha256:5702e77ad5999ac45498c3cd47f5d078ce7406cf8dc8df74337b0cdc084bf762",
                "sha256:94991848e9ff4d03c2d7feab484113b5b5ad7f9fdfa0b0ff46ce18da47b36b58",
                "sha256:a92c55363d5cd3cfdd6cd28dcf91e81a00a3aa5bb177d712817c09d26bd760db",
                "sha256:e753324a78cbdab1c5917b5600c708a8db7e1336579e7afa20ed90edda15eefa"
            ],
            "markers": "python_version >= '2.7' and python_version not in '3.0, 3.1, 3.2, 3.3, 3.4' and python_version < '3.9'",
            "version": "==5.15.0"
        }
    },
    "develop": {
        "autopep8": {
            "hashes": [
                "sha256:d21d3901cb0da6ebd1e83fc9b0dfbde8b46afc2ede4fe32fbda0c7c6118ca094"
            ],
            "index": "pypi",
            "version": "==1.5.4"
        },
        "flake8": {
            "hashes": [
                "sha256:15e351d19611c887e482fb960eae4d44845013cc142d42896e9862f775d8cf5c",
                "sha256:f04b9fcbac03b0a3e58c0ab3a0ecc462e023a9faf046d57794184028123aa208"
            ],
            "index": "pypi",
            "version": "==3.8.3"
        },
        "mccabe": {
            "hashes": [
                "sha256:ab8a6258860da4b6677da4bd2fe5dc2c659cff31b3ee4f7f5d64e79735b80d42",
                "sha256:dd8d182285a0fe56bace7f45b5e7d1a6ebcbf524e8f3bd87eb0f125271b8831f"
            ],
            "version": "==0.6.1"
        },
        "pycodestyle": {
            "hashes": [
                "sha256:2295e7b2f6b5bd100585ebcb1f616591b652db8a741695b3d8f5d28bdc934367",
                "sha256:c58a7d2815e0e8d7972bf1803331fb0152f867bd89adf8a01dfd55085434192e"
            ],
            "markers": "python_version >= '2.7' and python_version not in '3.0, 3.1, 3.2, 3.3'",
            "version": "==2.6.0"
        },
        "pyflakes": {
            "hashes": [
                "sha256:0d94e0e05a19e57a99444b6ddcf9a6eb2e5c68d3ca1e98e90707af8152c90a92",
                "sha256:35b2d75ee967ea93b55750aa9edbbf72813e06a66ba54438df2cfac9e3c27fc8"
            ],
            "markers": "python_version >= '2.7' and python_version not in '3.0, 3.1, 3.2, 3.3'",
            "version": "==2.2.0"
        },
        "toml": {
            "hashes": [
                "sha256:926b612be1e5ce0634a2ca03470f95169cf16f939018233a670519cb4ac58b0f",
                "sha256:bda89d5935c2eac546d648028b9901107a595863cb36bae0c73ac804a9b4ce88"
            ],
            "version": "==0.10.1"
        }
    }
}
